// !$*UTF8*$!
{
	archiveVersion = 1;
	classes = {
	};
	objectVersion = 56;
	objects = {

/* Begin PBXBuildFile section */
		180D761F2992950D009EA38C /* MainViewController.swift in Sources */ = {isa = PBXBuildFile; fileRef = 180D761E2992950D009EA38C /* MainViewController.swift */; };
		1810307B299574CA006C8899 /* Tag.swift in Sources */ = {isa = PBXBuildFile; fileRef = 1810307A299574CA006C8899 /* Tag.swift */; };
		1810307E299575EE006C8899 /* Data.swift in Sources */ = {isa = PBXBuildFile; fileRef = 1810307D299575EE006C8899 /* Data.swift */; };
		1871D2CB299013AF0016DFCD /* AppDelegate.swift in Sources */ = {isa = PBXBuildFile; fileRef = 1871D2CA299013AF0016DFCD /* AppDelegate.swift */; };
		1871D2CD299013AF0016DFCD /* SceneDelegate.swift in Sources */ = {isa = PBXBuildFile; fileRef = 1871D2CC299013AF0016DFCD /* SceneDelegate.swift */; };
		1871D2D2299013AF0016DFCD /* Main.storyboard in Resources */ = {isa = PBXBuildFile; fileRef = 1871D2D0299013AF0016DFCD /* Main.storyboard */; };
		1871D2D4299013B10016DFCD /* Assets.xcassets in Resources */ = {isa = PBXBuildFile; fileRef = 1871D2D3299013B10016DFCD /* Assets.xcassets */; };
		1871D2D7299013B10016DFCD /* LaunchScreen.storyboard in Resources */ = {isa = PBXBuildFile; fileRef = 1871D2D5299013B10016DFCD /* LaunchScreen.storyboard */; };
		187EB71F2990357200F2F3DB /* InfoView.swift in Sources */ = {isa = PBXBuildFile; fileRef = 187EB71E2990357200F2F3DB /* InfoView.swift */; };
		18AB186A2991669600431185 /* TagCell.swift in Sources */ = {isa = PBXBuildFile; fileRef = 18AB18692991669600431185 /* TagCell.swift */; };
		18B6A92229996D50009A1CDE /* LaunchScreen.storyboard in Resources */ = {isa = PBXBuildFile; fileRef = 18B6A90229996D50009A1CDE /* LaunchScreen.storyboard */; };
		18B6A92329996D50009A1CDE /* Main.storyboard in Resources */ = {isa = PBXBuildFile; fileRef = 18B6A90429996D50009A1CDE /* Main.storyboard */; };
		18B6A92429996D50009A1CDE /* Assets.xcassets in Resources */ = {isa = PBXBuildFile; fileRef = 18B6A90729996D50009A1CDE /* Assets.xcassets */; };
		18B6A92529996D50009A1CDE /* SFPRODISPLAYSEMIBOLDITALIC.OTF in Resources */ = {isa = PBXBuildFile; fileRef = 18B6A90929996D50009A1CDE /* SFPRODISPLAYSEMIBOLDITALIC.OTF */; };
		18B6A92629996D50009A1CDE /* SFPRODISPLAYHEAVYITALIC.OTF in Resources */ = {isa = PBXBuildFile; fileRef = 18B6A90A29996D50009A1CDE /* SFPRODISPLAYHEAVYITALIC.OTF */; };
		18B6A92729996D50009A1CDE /* SFPRODISPLAYLIGHTITALIC.OTF in Resources */ = {isa = PBXBuildFile; fileRef = 18B6A90B29996D50009A1CDE /* SFPRODISPLAYLIGHTITALIC.OTF */; };
		18B6A92829996D50009A1CDE /* SFPRODISPLAYBLACKITALIC.OTF in Resources */ = {isa = PBXBuildFile; fileRef = 18B6A90C29996D50009A1CDE /* SFPRODISPLAYBLACKITALIC.OTF */; };
		18B6A92929996D50009A1CDE /* SFPRODISPLAYREGULAR.OTF in Resources */ = {isa = PBXBuildFile; fileRef = 18B6A90D29996D50009A1CDE /* SFPRODISPLAYREGULAR.OTF */; };
		18B6A92A29996D50009A1CDE /* SFPRODISPLAYTHINITALIC.OTF in Resources */ = {isa = PBXBuildFile; fileRef = 18B6A90E29996D50009A1CDE /* SFPRODISPLAYTHINITALIC.OTF */; };
		18B6A92B29996D50009A1CDE /* SFPRODISPLAYBOLD.OTF in Resources */ = {isa = PBXBuildFile; fileRef = 18B6A90F29996D50009A1CDE /* SFPRODISPLAYBOLD.OTF */; };
		18B6A92C29996D50009A1CDE /* SFPRODISPLAYMEDIUM.OTF in Resources */ = {isa = PBXBuildFile; fileRef = 18B6A91029996D50009A1CDE /* SFPRODISPLAYMEDIUM.OTF */; };
		18B6A92D29996D50009A1CDE /* SFPRODISPLAYULTRALIGHTITALIC.OTF in Resources */ = {isa = PBXBuildFile; fileRef = 18B6A91129996D50009A1CDE /* SFPRODISPLAYULTRALIGHTITALIC.OTF */; };
		18B6A92E29996D50009A1CDE /* Tag.swift in Sources */ = {isa = PBXBuildFile; fileRef = 18B6A91329996D50009A1CDE /* Tag.swift */; };
		18B6A92F29996D50009A1CDE /* AppDelegate.swift in Sources */ = {isa = PBXBuildFile; fileRef = 18B6A91529996D50009A1CDE /* AppDelegate.swift */; };
		18B6A93029996D50009A1CDE /* Info.plist in Resources */ = {isa = PBXBuildFile; fileRef = 18B6A91629996D50009A1CDE /* Info.plist */; };
		18B6A93129996D50009A1CDE /* SceneDelegate.swift in Sources */ = {isa = PBXBuildFile; fileRef = 18B6A91729996D50009A1CDE /* SceneDelegate.swift */; };
		18B6A93229996D50009A1CDE /* MainViewController.swift in Sources */ = {isa = PBXBuildFile; fileRef = 18B6A91929996D50009A1CDE /* MainViewController.swift */; };
		18B6A93329996D50009A1CDE /* InfoView.swift in Sources */ = {isa = PBXBuildFile; fileRef = 18B6A91B29996D50009A1CDE /* InfoView.swift */; };
		18B6A93429996D50009A1CDE /* TagCell.swift in Sources */ = {isa = PBXBuildFile; fileRef = 18B6A91C29996D50009A1CDE /* TagCell.swift */; };
		18B6A93529996D50009A1CDE /* Data.swift in Sources */ = {isa = PBXBuildFile; fileRef = 18B6A91E29996D50009A1CDE /* Data.swift */; };
		18CD8480299244160055B577 /* SFPRODISPLAYBLACKITALIC.OTF in Resources */ = {isa = PBXBuildFile; fileRef = 18CD847D29922AAA0055B577 /* SFPRODISPLAYBLACKITALIC.OTF */; };
		18CD8481299244160055B577 /* SFPRODISPLAYBOLD.OTF in Resources */ = {isa = PBXBuildFile; fileRef = 18CD847C29922AAA0055B577 /* SFPRODISPLAYBOLD.OTF */; };
		18CD8482299244160055B577 /* SFPRODISPLAYHEAVYITALIC.OTF in Resources */ = {isa = PBXBuildFile; fileRef = 18CD847A29922AAA0055B577 /* SFPRODISPLAYHEAVYITALIC.OTF */; };
		18CD8483299244160055B577 /* SFPRODISPLAYLIGHTITALIC.OTF in Resources */ = {isa = PBXBuildFile; fileRef = 18CD847829922AA90055B577 /* SFPRODISPLAYLIGHTITALIC.OTF */; };
		18CD8484299244160055B577 /* SFPRODISPLAYMEDIUM.OTF in Resources */ = {isa = PBXBuildFile; fileRef = 18CD847F29922AAA0055B577 /* SFPRODISPLAYMEDIUM.OTF */; };
		18CD8485299244160055B577 /* SFPRODISPLAYREGULAR.OTF in Resources */ = {isa = PBXBuildFile; fileRef = 18CD847B29922AAA0055B577 /* SFPRODISPLAYREGULAR.OTF */; };
		18CD8486299244160055B577 /* SFPRODISPLAYSEMIBOLDITALIC.OTF in Resources */ = {isa = PBXBuildFile; fileRef = 18CD847929922AAA0055B577 /* SFPRODISPLAYSEMIBOLDITALIC.OTF */; };
		18CD8487299244160055B577 /* SFPRODISPLAYTHINITALIC.OTF in Resources */ = {isa = PBXBuildFile; fileRef = 18CD847729922AA90055B577 /* SFPRODISPLAYTHINITALIC.OTF */; };
		18CD8488299244160055B577 /* SFPRODISPLAYULTRALIGHTITALIC.OTF in Resources */ = {isa = PBXBuildFile; fileRef = 18CD847E29922AAA0055B577 /* SFPRODISPLAYULTRALIGHTITALIC.OTF */; };
/* End PBXBuildFile section */

/* Begin PBXFileReference section */
		180D761E2992950D009EA38C /* MainViewController.swift */ = {isa = PBXFileReference; lastKnownFileType = sourcecode.swift; path = MainViewController.swift; sourceTree = "<group>"; };
		1810307A299574CA006C8899 /* Tag.swift */ = {isa = PBXFileReference; lastKnownFileType = sourcecode.swift; path = Tag.swift; sourceTree = "<group>"; };
		1810307D299575EE006C8899 /* Data.swift */ = {isa = PBXFileReference; lastKnownFileType = sourcecode.swift; path = Data.swift; sourceTree = "<group>"; };
		1871D2C7299013AF0016DFCD /* test.app */ = {isa = PBXFileReference; explicitFileType = wrapper.application; includeInIndex = 0; path = test.app; sourceTree = BUILT_PRODUCTS_DIR; };
		1871D2CA299013AF0016DFCD /* AppDelegate.swift */ = {isa = PBXFileReference; lastKnownFileType = sourcecode.swift; path = AppDelegate.swift; sourceTree = "<group>"; };
		1871D2CC299013AF0016DFCD /* SceneDelegate.swift */ = {isa = PBXFileReference; lastKnownFileType = sourcecode.swift; path = SceneDelegate.swift; sourceTree = "<group>"; };
		1871D2D1299013AF0016DFCD /* Base */ = {isa = PBXFileReference; lastKnownFileType = file.storyboard; name = Base; path = Base.lproj/Main.storyboard; sourceTree = "<group>"; };
		1871D2D3299013B10016DFCD /* Assets.xcassets */ = {isa = PBXFileReference; lastKnownFileType = folder.assetcatalog; path = Assets.xcassets; sourceTree = "<group>"; };
		1871D2D6299013B10016DFCD /* Base */ = {isa = PBXFileReference; lastKnownFileType = file.storyboard; name = Base; path = Base.lproj/LaunchScreen.storyboard; sourceTree = "<group>"; };
		1871D2D8299013B10016DFCD /* Info.plist */ = {isa = PBXFileReference; lastKnownFileType = text.plist.xml; path = Info.plist; sourceTree = "<group>"; };
		187EB71E2990357200F2F3DB /* InfoView.swift */ = {isa = PBXFileReference; lastKnownFileType = sourcecode.swift; path = InfoView.swift; sourceTree = "<group>"; };
		18AB18692991669600431185 /* TagCell.swift */ = {isa = PBXFileReference; lastKnownFileType = sourcecode.swift; path = TagCell.swift; sourceTree = "<group>"; };
		18B6A90329996D50009A1CDE /* Base */ = {isa = PBXFileReference; lastKnownFileType = file.storyboard; name = Base; path = Base.lproj/LaunchScreen.storyboard; sourceTree = "<group>"; };
		18B6A90529996D50009A1CDE /* Base */ = {isa = PBXFileReference; lastKnownFileType = file.storyboard; name = Base; path = Base.lproj/Main.storyboard; sourceTree = "<group>"; };
		18B6A90729996D50009A1CDE /* Assets.xcassets */ = {isa = PBXFileReference; lastKnownFileType = folder.assetcatalog; path = Assets.xcassets; sourceTree = "<group>"; };
		18B6A90929996D50009A1CDE /* SFPRODISPLAYSEMIBOLDITALIC.OTF */ = {isa = PBXFileReference; lastKnownFileType = file; path = SFPRODISPLAYSEMIBOLDITALIC.OTF; sourceTree = "<group>"; };
		18B6A90A29996D50009A1CDE /* SFPRODISPLAYHEAVYITALIC.OTF */ = {isa = PBXFileReference; lastKnownFileType = file; path = SFPRODISPLAYHEAVYITALIC.OTF; sourceTree = "<group>"; };
		18B6A90B29996D50009A1CDE /* SFPRODISPLAYLIGHTITALIC.OTF */ = {isa = PBXFileReference; lastKnownFileType = file; path = SFPRODISPLAYLIGHTITALIC.OTF; sourceTree = "<group>"; };
		18B6A90C29996D50009A1CDE /* SFPRODISPLAYBLACKITALIC.OTF */ = {isa = PBXFileReference; lastKnownFileType = file; path = SFPRODISPLAYBLACKITALIC.OTF; sourceTree = "<group>"; };
		18B6A90D29996D50009A1CDE /* SFPRODISPLAYREGULAR.OTF */ = {isa = PBXFileReference; lastKnownFileType = file; path = SFPRODISPLAYREGULAR.OTF; sourceTree = "<group>"; };
		18B6A90E29996D50009A1CDE /* SFPRODISPLAYTHINITALIC.OTF */ = {isa = PBXFileReference; lastKnownFileType = file; path = SFPRODISPLAYTHINITALIC.OTF; sourceTree = "<group>"; };
		18B6A90F29996D50009A1CDE /* SFPRODISPLAYBOLD.OTF */ = {isa = PBXFileReference; lastKnownFileType = file; path = SFPRODISPLAYBOLD.OTF; sourceTree = "<group>"; };
		18B6A91029996D50009A1CDE /* SFPRODISPLAYMEDIUM.OTF */ = {isa = PBXFileReference; lastKnownFileType = file; path = SFPRODISPLAYMEDIUM.OTF; sourceTree = "<group>"; };
		18B6A91129996D50009A1CDE /* SFPRODISPLAYULTRALIGHTITALIC.OTF */ = {isa = PBXFileReference; lastKnownFileType = file; path = SFPRODISPLAYULTRALIGHTITALIC.OTF; sourceTree = "<group>"; };
		18B6A91329996D50009A1CDE /* Tag.swift */ = {isa = PBXFileReference; fileEncoding = 4; lastKnownFileType = sourcecode.swift; path = Tag.swift; sourceTree = "<group>"; };
		18B6A91529996D50009A1CDE /* AppDelegate.swift */ = {isa = PBXFileReference; fileEncoding = 4; lastKnownFileType = sourcecode.swift; path = AppDelegate.swift; sourceTree = "<group>"; };
		18B6A91629996D50009A1CDE /* Info.plist */ = {isa = PBXFileReference; fileEncoding = 4; lastKnownFileType = text.plist.xml; path = Info.plist; sourceTree = "<group>"; };
		18B6A91729996D50009A1CDE /* SceneDelegate.swift */ = {isa = PBXFileReference; fileEncoding = 4; lastKnownFileType = sourcecode.swift; path = SceneDelegate.swift; sourceTree = "<group>"; };
		18B6A91929996D50009A1CDE /* MainViewController.swift */ = {isa = PBXFileReference; fileEncoding = 4; lastKnownFileType = sourcecode.swift; path = MainViewController.swift; sourceTree = "<group>"; };
		18B6A91B29996D50009A1CDE /* InfoView.swift */ = {isa = PBXFileReference; fileEncoding = 4; lastKnownFileType = sourcecode.swift; path = InfoView.swift; sourceTree = "<group>"; };
		18B6A91C29996D50009A1CDE /* TagCell.swift */ = {isa = PBXFileReference; fileEncoding = 4; lastKnownFileType = sourcecode.swift; path = TagCell.swift; sourceTree = "<group>"; };
		18B6A91E29996D50009A1CDE /* Data.swift */ = {isa = PBXFileReference; fileEncoding = 4; lastKnownFileType = sourcecode.swift; path = Data.swift; sourceTree = "<group>"; };
		18B6A91F29996D50009A1CDE /* test.xcodeproj */ = {isa = PBXFileReference; lastKnownFileType = "wrapper.pb-project"; path = test.xcodeproj; sourceTree = "<group>"; };
		18CD847729922AA90055B577 /* SFPRODISPLAYTHINITALIC.OTF */ = {isa = PBXFileReference; lastKnownFileType = file; path = SFPRODISPLAYTHINITALIC.OTF; sourceTree = "<group>"; };
		18CD847829922AA90055B577 /* SFPRODISPLAYLIGHTITALIC.OTF */ = {isa = PBXFileReference; lastKnownFileType = file; path = SFPRODISPLAYLIGHTITALIC.OTF; sourceTree = "<group>"; };
		18CD847929922AAA0055B577 /* SFPRODISPLAYSEMIBOLDITALIC.OTF */ = {isa = PBXFileReference; lastKnownFileType = file; path = SFPRODISPLAYSEMIBOLDITALIC.OTF; sourceTree = "<group>"; };
		18CD847A29922AAA0055B577 /* SFPRODISPLAYHEAVYITALIC.OTF */ = {isa = PBXFileReference; lastKnownFileType = file; path = SFPRODISPLAYHEAVYITALIC.OTF; sourceTree = "<group>"; };
		18CD847B29922AAA0055B577 /* SFPRODISPLAYREGULAR.OTF */ = {isa = PBXFileReference; lastKnownFileType = file; path = SFPRODISPLAYREGULAR.OTF; sourceTree = "<group>"; };
		18CD847C29922AAA0055B577 /* SFPRODISPLAYBOLD.OTF */ = {isa = PBXFileReference; lastKnownFileType = file; path = SFPRODISPLAYBOLD.OTF; sourceTree = "<group>"; };
		18CD847D29922AAA0055B577 /* SFPRODISPLAYBLACKITALIC.OTF */ = {isa = PBXFileReference; lastKnownFileType = file; path = SFPRODISPLAYBLACKITALIC.OTF; sourceTree = "<group>"; };
		18CD847E29922AAA0055B577 /* SFPRODISPLAYULTRALIGHTITALIC.OTF */ = {isa = PBXFileReference; lastKnownFileType = file; path = SFPRODISPLAYULTRALIGHTITALIC.OTF; sourceTree = "<group>"; };
		18CD847F29922AAA0055B577 /* SFPRODISPLAYMEDIUM.OTF */ = {isa = PBXFileReference; lastKnownFileType = file; path = SFPRODISPLAYMEDIUM.OTF; sourceTree = "<group>"; };
/* End PBXFileReference section */

/* Begin PBXFrameworksBuildPhase section */
		1871D2C4299013AF0016DFCD /* Frameworks */ = {
			isa = PBXFrameworksBuildPhase;
			buildActionMask = 2147483647;
			files = (
			);
			runOnlyForDeploymentPostprocessing = 0;
		};
/* End PBXFrameworksBuildPhase section */

/* Begin PBXGroup section */
		1810307C299574E4006C8899 /* Models */ = {
			isa = PBXGroup;
			children = (
				1810307A299574CA006C8899 /* Tag.swift */,
			);
			path = Models;
			sourceTree = "<group>";
		};
		1810307F29957756006C8899 /* Views */ = {
			isa = PBXGroup;
			children = (
				187EB71E2990357200F2F3DB /* InfoView.swift */,
				18AB18692991669600431185 /* TagCell.swift */,
			);
			path = Views;
			sourceTree = "<group>";
		};
		1810308029957768006C8899 /* Controllers */ = {
			isa = PBXGroup;
			children = (
				180D761E2992950D009EA38C /* MainViewController.swift */,
			);
			path = Controllers;
			sourceTree = "<group>";
		};
		1810308129957AD0006C8899 /* Storyboards */ = {
			isa = PBXGroup;
			children = (
				1871D2D0299013AF0016DFCD /* Main.storyboard */,
				1871D2D5299013B10016DFCD /* LaunchScreen.storyboard */,
			);
			path = Storyboards;
			sourceTree = "<group>";
		};
		1810308229957B12006C8899 /* Helpers */ = {
			isa = PBXGroup;
			children = (
				1810307D299575EE006C8899 /* Data.swift */,
			);
			path = Helpers;
			sourceTree = "<group>";
		};
		1810308329957B83006C8899 /* Application */ = {
			isa = PBXGroup;
			children = (
				1871D2CA299013AF0016DFCD /* AppDelegate.swift */,
				1871D2CC299013AF0016DFCD /* SceneDelegate.swift */,
				1871D2D8299013B10016DFCD /* Info.plist */,
			);
			path = Application;
			sourceTree = "<group>";
		};
		1810308429957BFB006C8899 /* Resources */ = {
			isa = PBXGroup;
			children = (
				18CD847629922A8F0055B577 /* Fonts */,
				1871D2D3299013B10016DFCD /* Assets.xcassets */,
			);
			path = Resources;
			sourceTree = "<group>";
		};
		1871D2BE299013AF0016DFCD = {
			isa = PBXGroup;
			children = (
				1871D2C9299013AF0016DFCD /* test */,
				18B6A8FF29996D50009A1CDE /* test */,
				1871D2C8299013AF0016DFCD /* Products */,
			);
			sourceTree = "<group>";
		};
		1871D2C8299013AF0016DFCD /* Products */ = {
			isa = PBXGroup;
			children = (
				1871D2C7299013AF0016DFCD /* test.app */,
			);
			name = Products;
			sourceTree = "<group>";
		};
		1871D2C9299013AF0016DFCD /* test */ = {
			isa = PBXGroup;
			children = (
				1810308229957B12006C8899 /* Helpers */,
				1810308429957BFB006C8899 /* Resources */,
				1810308329957B83006C8899 /* Application */,
				1810307F29957756006C8899 /* Views */,
				1810307C299574E4006C8899 /* Models */,
				1810308129957AD0006C8899 /* Storyboards */,
				1810308029957768006C8899 /* Controllers */,
			);
			path = test;
			sourceTree = "<group>";
		};
		18B6A8FF29996D50009A1CDE /* test */ = {
			isa = PBXGroup;
			children = (
				18B6A90029996D50009A1CDE /* test */,
				18B6A91F29996D50009A1CDE /* test.xcodeproj */,
			);
			name = test;
			sourceTree = "<group>";
		};
		18B6A90029996D50009A1CDE /* test */ = {
			isa = PBXGroup;
			children = (
				18B6A90129996D50009A1CDE /* Storyboards */,
				18B6A90629996D50009A1CDE /* Resources */,
				18B6A91229996D50009A1CDE /* Models */,
				18B6A91429996D50009A1CDE /* Application */,
				18B6A91829996D50009A1CDE /* Controllers */,
				18B6A91A29996D50009A1CDE /* Views */,
				18B6A91D29996D50009A1CDE /* Helpers */,
			);
			path = test;
			sourceTree = "<group>";
		};
		18B6A90129996D50009A1CDE /* Storyboards */ = {
			isa = PBXGroup;
			children = (
				18B6A90229996D50009A1CDE /* LaunchScreen.storyboard */,
				18B6A90429996D50009A1CDE /* Main.storyboard */,
			);
			path = Storyboards;
			sourceTree = "<group>";
		};
		18B6A90629996D50009A1CDE /* Resources */ = {
			isa = PBXGroup;
			children = (
				18B6A90729996D50009A1CDE /* Assets.xcassets */,
				18B6A90829996D50009A1CDE /* Fonts */,
			);
			path = Resources;
			sourceTree = "<group>";
		};
		18B6A90829996D50009A1CDE /* Fonts */ = {
			isa = PBXGroup;
			children = (
				18B6A90929996D50009A1CDE /* SFPRODISPLAYSEMIBOLDITALIC.OTF */,
				18B6A90A29996D50009A1CDE /* SFPRODISPLAYHEAVYITALIC.OTF */,
				18B6A90B29996D50009A1CDE /* SFPRODISPLAYLIGHTITALIC.OTF */,
				18B6A90C29996D50009A1CDE /* SFPRODISPLAYBLACKITALIC.OTF */,
				18B6A90D29996D50009A1CDE /* SFPRODISPLAYREGULAR.OTF */,
				18B6A90E29996D50009A1CDE /* SFPRODISPLAYTHINITALIC.OTF */,
				18B6A90F29996D50009A1CDE /* SFPRODISPLAYBOLD.OTF */,
				18B6A91029996D50009A1CDE /* SFPRODISPLAYMEDIUM.OTF */,
				18B6A91129996D50009A1CDE /* SFPRODISPLAYULTRALIGHTITALIC.OTF */,
			);
			path = Fonts;
			sourceTree = "<group>";
		};
		18B6A91229996D50009A1CDE /* Models */ = {
			isa = PBXGroup;
			children = (
				18B6A91329996D50009A1CDE /* Tag.swift */,
			);
			path = Models;
			sourceTree = "<group>";
		};
		18B6A91429996D50009A1CDE /* Application */ = {
			isa = PBXGroup;
			children = (
				18B6A91529996D50009A1CDE /* AppDelegate.swift */,
				18B6A91629996D50009A1CDE /* Info.plist */,
				18B6A91729996D50009A1CDE /* SceneDelegate.swift */,
			);
			path = Application;
			sourceTree = "<group>";
		};
		18B6A91829996D50009A1CDE /* Controllers */ = {
			isa = PBXGroup;
			children = (
				18B6A91929996D50009A1CDE /* MainViewController.swift */,
			);
			path = Controllers;
			sourceTree = "<group>";
		};
		18B6A91A29996D50009A1CDE /* Views */ = {
			isa = PBXGroup;
			children = (
				18B6A91B29996D50009A1CDE /* InfoView.swift */,
				18B6A91C29996D50009A1CDE /* TagCell.swift */,
			);
			path = Views;
			sourceTree = "<group>";
		};
		18B6A91D29996D50009A1CDE /* Helpers */ = {
			isa = PBXGroup;
			children = (
				18B6A91E29996D50009A1CDE /* Data.swift */,
			);
			path = Helpers;
			sourceTree = "<group>";
		};
		18B6A92029996D50009A1CDE /* Products */ = {
			isa = PBXGroup;
			name = Products;
			sourceTree = "<group>";
		};
		18CD847629922A8F0055B577 /* Fonts */ = {
			isa = PBXGroup;
			children = (
				18CD847D29922AAA0055B577 /* SFPRODISPLAYBLACKITALIC.OTF */,
				18CD847C29922AAA0055B577 /* SFPRODISPLAYBOLD.OTF */,
				18CD847A29922AAA0055B577 /* SFPRODISPLAYHEAVYITALIC.OTF */,
				18CD847829922AA90055B577 /* SFPRODISPLAYLIGHTITALIC.OTF */,
				18CD847F29922AAA0055B577 /* SFPRODISPLAYMEDIUM.OTF */,
				18CD847B29922AAA0055B577 /* SFPRODISPLAYREGULAR.OTF */,
				18CD847929922AAA0055B577 /* SFPRODISPLAYSEMIBOLDITALIC.OTF */,
				18CD847729922AA90055B577 /* SFPRODISPLAYTHINITALIC.OTF */,
				18CD847E29922AAA0055B577 /* SFPRODISPLAYULTRALIGHTITALIC.OTF */,
			);
			path = Fonts;
			sourceTree = "<group>";
		};
/* End PBXGroup section */

/* Begin PBXNativeTarget section */
		1871D2C6299013AF0016DFCD /* test */ = {
			isa = PBXNativeTarget;
			buildConfigurationList = 1871D2DB299013B10016DFCD /* Build configuration list for PBXNativeTarget "test" */;
			buildPhases = (
				1871D2C3299013AF0016DFCD /* Sources */,
				1871D2C4299013AF0016DFCD /* Frameworks */,
				1871D2C5299013AF0016DFCD /* Resources */,
			);
			buildRules = (
			);
			dependencies = (
			);
			name = test;
			productName = test;
			productReference = 1871D2C7299013AF0016DFCD /* test.app */;
			productType = "com.apple.product-type.application";
		};
/* End PBXNativeTarget section */

/* Begin PBXProject section */
		1871D2BF299013AF0016DFCD /* Project object */ = {
			isa = PBXProject;
			attributes = {
				BuildIndependentTargetsInParallel = 1;
				LastSwiftUpdateCheck = 1420;
				LastUpgradeCheck = 1420;
				TargetAttributes = {
					1871D2C6299013AF0016DFCD = {
						CreatedOnToolsVersion = 14.2;
					};
				};
			};
			buildConfigurationList = 1871D2C2299013AF0016DFCD /* Build configuration list for PBXProject "test" */;
			compatibilityVersion = "Xcode 14.0";
			developmentRegion = en;
			hasScannedForEncodings = 0;
			knownRegions = (
				en,
				Base,
			);
			mainGroup = 1871D2BE299013AF0016DFCD;
			productRefGroup = 1871D2C8299013AF0016DFCD /* Products */;
			projectDirPath = "";
			projectReferences = (
				{
					ProductGroup = 18B6A92029996D50009A1CDE /* Products */;
					ProjectRef = 18B6A91F29996D50009A1CDE /* test.xcodeproj */;
				},
			);
			projectRoot = "";
			targets = (
				1871D2C6299013AF0016DFCD /* test */,
			);
		};
/* End PBXProject section */

/* Begin PBXResourcesBuildPhase section */
		1871D2C5299013AF0016DFCD /* Resources */ = {
			isa = PBXResourcesBuildPhase;
			buildActionMask = 2147483647;
			files = (
				18B6A92A29996D50009A1CDE /* SFPRODISPLAYTHINITALIC.OTF in Resources */,
				18CD8480299244160055B577 /* SFPRODISPLAYBLACKITALIC.OTF in Resources */,
				18B6A92D29996D50009A1CDE /* SFPRODISPLAYULTRALIGHTITALIC.OTF in Resources */,
				18CD8481299244160055B577 /* SFPRODISPLAYBOLD.OTF in Resources */,
				18B6A92629996D50009A1CDE /* SFPRODISPLAYHEAVYITALIC.OTF in Resources */,
				18CD8482299244160055B577 /* SFPRODISPLAYHEAVYITALIC.OTF in Resources */,
				18CD8483299244160055B577 /* SFPRODISPLAYLIGHTITALIC.OTF in Resources */,
				18B6A92429996D50009A1CDE /* Assets.xcassets in Resources */,
				18CD8484299244160055B577 /* SFPRODISPLAYMEDIUM.OTF in Resources */,
				18B6A92829996D50009A1CDE /* SFPRODISPLAYBLACKITALIC.OTF in Resources */,
				18B6A92929996D50009A1CDE /* SFPRODISPLAYREGULAR.OTF in Resources */,
				18CD8485299244160055B577 /* SFPRODISPLAYREGULAR.OTF in Resources */,
				18CD8486299244160055B577 /* SFPRODISPLAYSEMIBOLDITALIC.OTF in Resources */,
				18B6A92329996D50009A1CDE /* Main.storyboard in Resources */,
				18B6A92229996D50009A1CDE /* LaunchScreen.storyboard in Resources */,
				18B6A92529996D50009A1CDE /* SFPRODISPLAYSEMIBOLDITALIC.OTF in Resources */,
				18CD8487299244160055B577 /* SFPRODISPLAYTHINITALIC.OTF in Resources */,
				18CD8488299244160055B577 /* SFPRODISPLAYULTRALIGHTITALIC.OTF in Resources */,
				18B6A92729996D50009A1CDE /* SFPRODISPLAYLIGHTITALIC.OTF in Resources */,
				18B6A92B29996D50009A1CDE /* SFPRODISPLAYBOLD.OTF in Resources */,
				18B6A92C29996D50009A1CDE /* SFPRODISPLAYMEDIUM.OTF in Resources */,
				1871D2D7299013B10016DFCD /* LaunchScreen.storyboard in Resources */,
				1871D2D4299013B10016DFCD /* Assets.xcassets in Resources */,
				18B6A93029996D50009A1CDE /* Info.plist in Resources */,
				1871D2D2299013AF0016DFCD /* Main.storyboard in Resources */,
			);
			runOnlyForDeploymentPostprocessing = 0;
		};
/* End PBXResourcesBuildPhase section */

/* Begin PBXSourcesBuildPhase section */
		1871D2C3299013AF0016DFCD /* Sources */ = {
			isa = PBXSourcesBuildPhase;
			buildActionMask = 2147483647;
			files = (
				18B6A92E29996D50009A1CDE /* Tag.swift in Sources */,
				18B6A93229996D50009A1CDE /* MainViewController.swift in Sources */,
				1810307E299575EE006C8899 /* Data.swift in Sources */,
				1810307B299574CA006C8899 /* Tag.swift in Sources */,
				18B6A93329996D50009A1CDE /* InfoView.swift in Sources */,
				18B6A92F29996D50009A1CDE /* AppDelegate.swift in Sources */,
				187EB71F2990357200F2F3DB /* InfoView.swift in Sources */,
				18B6A93529996D50009A1CDE /* Data.swift in Sources */,
				18B6A93129996D50009A1CDE /* SceneDelegate.swift in Sources */,
				18B6A93429996D50009A1CDE /* TagCell.swift in Sources */,
				18AB186A2991669600431185 /* TagCell.swift in Sources */,
				180D761F2992950D009EA38C /* MainViewController.swift in Sources */,
				1871D2CB299013AF0016DFCD /* AppDelegate.swift in Sources */,
				1871D2CD299013AF0016DFCD /* SceneDelegate.swift in Sources */,
			);
			runOnlyForDeploymentPostprocessing = 0;
		};
/* End PBXSourcesBuildPhase section */

/* Begin PBXVariantGroup section */
		1871D2D0299013AF0016DFCD /* Main.storyboard */ = {
			isa = PBXVariantGroup;
			children = (
				1871D2D1299013AF0016DFCD /* Base */,
			);
			name = Main.storyboard;
			sourceTree = "<group>";
		};
		1871D2D5299013B10016DFCD /* LaunchScreen.storyboard */ = {
			isa = PBXVariantGroup;
			children = (
				1871D2D6299013B10016DFCD /* Base */,
			);
			name = LaunchScreen.storyboard;
			sourceTree = "<group>";
		};
		18B6A90229996D50009A1CDE /* LaunchScreen.storyboard */ = {
			isa = PBXVariantGroup;
			children = (
				18B6A90329996D50009A1CDE /* Base */,
			);
			name = LaunchScreen.storyboard;
			sourceTree = "<group>";
		};
		18B6A90429996D50009A1CDE /* Main.storyboard */ = {
			isa = PBXVariantGroup;
			children = (
				18B6A90529996D50009A1CDE /* Base */,
			);
			name = Main.storyboard;
			sourceTree = "<group>";
		};
/* End PBXVariantGroup section */

/* Begin XCBuildConfiguration section */
		1871D2D9299013B10016DFCD /* Debug */ = {
			isa = XCBuildConfiguration;
			buildSettings = {
				ALWAYS_SEARCH_USER_PATHS = NO;
				CLANG_ANALYZER_NONNULL = YES;
				CLANG_ANALYZER_NUMBER_OBJECT_CONVERSION = YES_AGGRESSIVE;
				CLANG_CXX_LANGUAGE_STANDARD = "gnu++20";
				CLANG_ENABLE_MODULES = YES;
				CLANG_ENABLE_OBJC_ARC = YES;
				CLANG_ENABLE_OBJC_WEAK = YES;
				CLANG_WARN_BLOCK_CAPTURE_AUTORELEASING = YES;
				CLANG_WARN_BOOL_CONVERSION = YES;
				CLANG_WARN_COMMA = YES;
				CLANG_WARN_CONSTANT_CONVERSION = YES;
				CLANG_WARN_DEPRECATED_OBJC_IMPLEMENTATIONS = YES;
				CLANG_WARN_DIRECT_OBJC_ISA_USAGE = YES_ERROR;
				CLANG_WARN_DOCUMENTATION_COMMENTS = YES;
				CLANG_WARN_EMPTY_BODY = YES;
				CLANG_WARN_ENUM_CONVERSION = YES;
				CLANG_WARN_INFINITE_RECURSION = YES;
				CLANG_WARN_INT_CONVERSION = YES;
				CLANG_WARN_NON_LITERAL_NULL_CONVERSION = YES;
				CLANG_WARN_OBJC_IMPLICIT_RETAIN_SELF = YES;
				CLANG_WARN_OBJC_LITERAL_CONVERSION = YES;
				CLANG_WARN_OBJC_ROOT_CLASS = YES_ERROR;
				CLANG_WARN_QUOTED_INCLUDE_IN_FRAMEWORK_HEADER = YES;
				CLANG_WARN_RANGE_LOOP_ANALYSIS = YES;
				CLANG_WARN_STRICT_PROTOTYPES = YES;
				CLANG_WARN_SUSPICIOUS_MOVE = YES;
				CLANG_WARN_UNGUARDED_AVAILABILITY = YES_AGGRESSIVE;
				CLANG_WARN_UNREACHABLE_CODE = YES;
				CLANG_WARN__DUPLICATE_METHOD_MATCH = YES;
				COPY_PHASE_STRIP = NO;
				DEBUG_INFORMATION_FORMAT = dwarf;
				ENABLE_STRICT_OBJC_MSGSEND = YES;
				ENABLE_TESTABILITY = YES;
				GCC_C_LANGUAGE_STANDARD = gnu11;
				GCC_DYNAMIC_NO_PIC = NO;
				GCC_NO_COMMON_BLOCKS = YES;
				GCC_OPTIMIZATION_LEVEL = 0;
				GCC_PREPROCESSOR_DEFINITIONS = (
					"DEBUG=1",
					"$(inherited)",
				);
				GCC_WARN_64_TO_32_BIT_CONVERSION = YES;
				GCC_WARN_ABOUT_RETURN_TYPE = YES_ERROR;
				GCC_WARN_UNDECLARED_SELECTOR = YES;
				GCC_WARN_UNINITIALIZED_AUTOS = YES_AGGRESSIVE;
				GCC_WARN_UNUSED_FUNCTION = YES;
				GCC_WARN_UNUSED_VARIABLE = YES;
				IPHONEOS_DEPLOYMENT_TARGET = 16.2;
				MTL_ENABLE_DEBUG_INFO = INCLUDE_SOURCE;
				MTL_FAST_MATH = YES;
				ONLY_ACTIVE_ARCH = YES;
				SDKROOT = iphoneos;
				SWIFT_ACTIVE_COMPILATION_CONDITIONS = DEBUG;
				SWIFT_OPTIMIZATION_LEVEL = "-Onone";
			};
			name = Debug;
		};
		1871D2DA299013B10016DFCD /* Release */ = {
			isa = XCBuildConfiguration;
			buildSettings = {
				ALWAYS_SEARCH_USER_PATHS = NO;
				CLANG_ANALYZER_NONNULL = YES;
				CLANG_ANALYZER_NUMBER_OBJECT_CONVERSION = YES_AGGRESSIVE;
				CLANG_CXX_LANGUAGE_STANDARD = "gnu++20";
				CLANG_ENABLE_MODULES = YES;
				CLANG_ENABLE_OBJC_ARC = YES;
				CLANG_ENABLE_OBJC_WEAK = YES;
				CLANG_WARN_BLOCK_CAPTURE_AUTORELEASING = YES;
				CLANG_WARN_BOOL_CONVERSION = YES;
				CLANG_WARN_COMMA = YES;
				CLANG_WARN_CONSTANT_CONVERSION = YES;
				CLANG_WARN_DEPRECATED_OBJC_IMPLEMENTATIONS = YES;
				CLANG_WARN_DIRECT_OBJC_ISA_USAGE = YES_ERROR;
				CLANG_WARN_DOCUMENTATION_COMMENTS = YES;
				CLANG_WARN_EMPTY_BODY = YES;
				CLANG_WARN_ENUM_CONVERSION = YES;
				CLANG_WARN_INFINITE_RECURSION = YES;
				CLANG_WARN_INT_CONVERSION = YES;
				CLANG_WARN_NON_LITERAL_NULL_CONVERSION = YES;
				CLANG_WARN_OBJC_IMPLICIT_RETAIN_SELF = YES;
				CLANG_WARN_OBJC_LITERAL_CONVERSION = YES;
				CLANG_WARN_OBJC_ROOT_CLASS = YES_ERROR;
				CLANG_WARN_QUOTED_INCLUDE_IN_FRAMEWORK_HEADER = YES;
				CLANG_WARN_RANGE_LOOP_ANALYSIS = YES;
				CLANG_WARN_STRICT_PROTOTYPES = YES;
				CLANG_WARN_SUSPICIOUS_MOVE = YES;
				CLANG_WARN_UNGUARDED_AVAILABILITY = YES_AGGRESSIVE;
				CLANG_WARN_UNREACHABLE_CODE = YES;
				CLANG_WARN__DUPLICATE_METHOD_MATCH = YES;
				COPY_PHASE_STRIP = NO;
				DEBUG_INFORMATION_FORMAT = "dwarf-with-dsym";
				ENABLE_NS_ASSERTIONS = NO;
				ENABLE_STRICT_OBJC_MSGSEND = YES;
				GCC_C_LANGUAGE_STANDARD = gnu11;
				GCC_NO_COMMON_BLOCKS = YES;
				GCC_WARN_64_TO_32_BIT_CONVERSION = YES;
				GCC_WARN_ABOUT_RETURN_TYPE = YES_ERROR;
				GCC_WARN_UNDECLARED_SELECTOR = YES;
				GCC_WARN_UNINITIALIZED_AUTOS = YES_AGGRESSIVE;
				GCC_WARN_UNUSED_FUNCTION = YES;
				GCC_WARN_UNUSED_VARIABLE = YES;
				IPHONEOS_DEPLOYMENT_TARGET = 16.2;
				MTL_ENABLE_DEBUG_INFO = NO;
				MTL_FAST_MATH = YES;
				SDKROOT = iphoneos;
				SWIFT_COMPILATION_MODE = wholemodule;
				SWIFT_OPTIMIZATION_LEVEL = "-O";
				VALIDATE_PRODUCT = YES;
			};
			name = Release;
		};
		1871D2DC299013B10016DFCD /* Debug */ = {
			isa = XCBuildConfiguration;
			buildSettings = {
				ASSETCATALOG_COMPILER_APPICON_NAME = AppIcon;
				ASSETCATALOG_COMPILER_GLOBAL_ACCENT_COLOR_NAME = AccentColor;
				CODE_SIGN_STYLE = Automatic;
				CURRENT_PROJECT_VERSION = 1;
				DEVELOPMENT_TEAM = DHSW7868UH;
				GENERATE_INFOPLIST_FILE = YES;
				INFOPLIST_FILE = test/Application/Info.plist;
				INFOPLIST_KEY_LSApplicationCategoryType = "";
				INFOPLIST_KEY_UIApplicationSupportsIndirectInputEvents = YES;
				INFOPLIST_KEY_UILaunchStoryboardName = LaunchScreen;
				INFOPLIST_KEY_UIMainStoryboardFile = Main;
				INFOPLIST_KEY_UISupportedInterfaceOrientations = UIInterfaceOrientationPortrait;
				LD_RUNPATH_SEARCH_PATHS = (
					"$(inherited)",
					"@executable_path/Frameworks",
				);
				MARKETING_VERSION = 1.0;
				PRODUCT_BUNDLE_IDENTIFIER = com.vl3x.test;
				PRODUCT_NAME = "$(TARGET_NAME)";
				SWIFT_EMIT_LOC_STRINGS = YES;
				SWIFT_VERSION = 5.0;
				TARGETED_DEVICE_FAMILY = "1,2";
			};
			name = Debug;
		};
		1871D2DD299013B10016DFCD /* Release */ = {
			isa = XCBuildConfiguration;
			buildSettings = {
				ASSETCATALOG_COMPILER_APPICON_NAME = AppIcon;
				ASSETCATALOG_COMPILER_GLOBAL_ACCENT_COLOR_NAME = AccentColor;
				CODE_SIGN_STYLE = Automatic;
				CURRENT_PROJECT_VERSION = 1;
				DEVELOPMENT_TEAM = DHSW7868UH;
				GENERATE_INFOPLIST_FILE = YES;
				INFOPLIST_FILE = test/Application/Info.plist;
				INFOPLIST_KEY_LSApplicationCategoryType = "";
				INFOPLIST_KEY_UIApplicationSupportsIndirectInputEvents = YES;
				INFOPLIST_KEY_UILaunchStoryboardName = LaunchScreen;
				INFOPLIST_KEY_UIMainStoryboardFile = Main;
				INFOPLIST_KEY_UISupportedInterfaceOrientations = UIInterfaceOrientationPortrait;
				LD_RUNPATH_SEARCH_PATHS = (
					"$(inherited)",
					"@executable_path/Frameworks",
				);
				MARKETING_VERSION = 1.0;
				PRODUCT_BUNDLE_IDENTIFIER = com.vl3x.test;
				PRODUCT_NAME = "$(TARGET_NAME)";
				SWIFT_EMIT_LOC_STRINGS = YES;
				SWIFT_VERSION = 5.0;
				TARGETED_DEVICE_FAMILY = "1,2";
			};
			name = Release;
		};
/* End XCBuildConfiguration section */

/* Begin XCConfigurationList section */
		1871D2C2299013AF0016DFCD /* Build configuration list for PBXProject "test" */ = {
			isa = XCConfigurationList;
			buildConfigurations = (
				1871D2D9299013B10016DFCD /* Debug */,
				1871D2DA299013B10016DFCD /* Release */,
			);
			defaultConfigurationIsVisible = 0;
			defaultConfigurationName = Release;
		};
		1871D2DB299013B10016DFCD /* Build configuration list for PBXNativeTarget "test" */ = {
			isa = XCConfigurationList;
			buildConfigurations = (
				1871D2DC299013B10016DFCD /* Debug */,
				1871D2DD299013B10016DFCD /* Release */,
			);
			defaultConfigurationIsVisible = 0;
			defaultConfigurationName = Release;
		};
/* End XCConfigurationList section */
	};
	rootObject = 1871D2BF299013AF0016DFCD /* Project object */;
}
